// !$*UTF8*$!
{
	archiveVersion = 1;
	classes = {
	};
	objectVersion = 51;
	objects = {

/* Begin PBXBuildFile section */
		2132FC299570FA71D5CE6B75 /* Pods_Event.framework in Frameworks */ = {isa = PBXBuildFile; fileRef = BAB8B5CF85174949A6AC43E8 /* Pods_Event.framework */; };
		6E62028CBCB51B89D8376AC7 /* Pods_Event_EventUITests.framework in Frameworks */ = {isa = PBXBuildFile; fileRef = B2221696B2AF280C83C7B16D /* Pods_Event_EventUITests.framework */; };
		91406BC623F6A8AE00FC3579 /* AppDelegate.swift in Sources */ = {isa = PBXBuildFile; fileRef = 91406BC523F6A8AE00FC3579 /* AppDelegate.swift */; };
		91406BC823F6A8AE00FC3579 /* SceneDelegate.swift in Sources */ = {isa = PBXBuildFile; fileRef = 91406BC723F6A8AE00FC3579 /* SceneDelegate.swift */; };
		91406BCF23F6A8C300FC3579 /* Assets.xcassets in Resources */ = {isa = PBXBuildFile; fileRef = 91406BCE23F6A8C300FC3579 /* Assets.xcassets */; };
		91406BD223F6A8C300FC3579 /* LaunchScreen.storyboard in Resources */ = {isa = PBXBuildFile; fileRef = 91406BD023F6A8C300FC3579 /* LaunchScreen.storyboard */; };
		91406BDD23F6A8C400FC3579 /* EventTests.swift in Sources */ = {isa = PBXBuildFile; fileRef = 91406BDC23F6A8C400FC3579 /* EventTests.swift */; };
		91406BE823F6A8C400FC3579 /* EventUITests.swift in Sources */ = {isa = PBXBuildFile; fileRef = 91406BE723F6A8C400FC3579 /* EventUITests.swift */; };
		91406C0023F6AC3E00FC3579 /* LoginViewController.swift in Sources */ = {isa = PBXBuildFile; fileRef = 91406BFF23F6AC3E00FC3579 /* LoginViewController.swift */; };
		91463C5E23F75A22003BAF91 /* UIView+Extensions.swift in Sources */ = {isa = PBXBuildFile; fileRef = 91463C5D23F75A22003BAF91 /* UIView+Extensions.swift */; };
		91463C6023F75AC6003BAF91 /* UITextField+Extensions.swift in Sources */ = {isa = PBXBuildFile; fileRef = 91463C5F23F75AC6003BAF91 /* UITextField+Extensions.swift */; };
		91463C6223F75AF8003BAF91 /* UIColor+Extensions.swift in Sources */ = {isa = PBXBuildFile; fileRef = 91463C6123F75AF8003BAF91 /* UIColor+Extensions.swift */; };
		91463C6523F78FA1003BAF91 /* SignUpViewController.swift in Sources */ = {isa = PBXBuildFile; fileRef = 91463C6423F78FA1003BAF91 /* SignUpViewController.swift */; };
		91463C6923F79CA9003BAF91 /* AuthButton.swift in Sources */ = {isa = PBXBuildFile; fileRef = 91463C6823F79CA9003BAF91 /* AuthButton.swift */; };
		914A0E5323F86CEB00569BF0 /* GoogleService-Info.plist in Resources */ = {isa = PBXBuildFile; fileRef = 914A0E5223F86CEB00569BF0 /* GoogleService-Info.plist */; };
		915F8E6523F99BFF00200882 /* MainTabBarController.swift in Sources */ = {isa = PBXBuildFile; fileRef = 915F8E6423F99BFF00200882 /* MainTabBarController.swift */; };
		91E39C8D23F82A5B00CABE70 /* SocialMediaButton.swift in Sources */ = {isa = PBXBuildFile; fileRef = 91E39C8C23F82A5B00CABE70 /* SocialMediaButton.swift */; };
		91FBB22E23F9806F008CAAED /* HomeViewController.swift in Sources */ = {isa = PBXBuildFile; fileRef = 91FBB22D23F9806F008CAAED /* HomeViewController.swift */; };
		FC45CDFD1E98259D61DDF5E2 /* Pods_EventTests.framework in Frameworks */ = {isa = PBXBuildFile; fileRef = 549D9B8B9C946AE7AA5C8E74 /* Pods_EventTests.framework */; };
/* End PBXBuildFile section */

/* Begin PBXContainerItemProxy section */
		91406BD923F6A8C400FC3579 /* PBXContainerItemProxy */ = {
			isa = PBXContainerItemProxy;
			containerPortal = 91406BBA23F6A8AE00FC3579 /* Project object */;
			proxyType = 1;
			remoteGlobalIDString = 91406BC123F6A8AE00FC3579;
			remoteInfo = Event;
		};
		91406BE423F6A8C400FC3579 /* PBXContainerItemProxy */ = {
			isa = PBXContainerItemProxy;
			containerPortal = 91406BBA23F6A8AE00FC3579 /* Project object */;
			proxyType = 1;
			remoteGlobalIDString = 91406BC123F6A8AE00FC3579;
			remoteInfo = Event;
		};
/* End PBXContainerItemProxy section */

/* Begin PBXFileReference section */
		097253E9E7D30A3525DAAA7C /* Pods-Event.release.xcconfig */ = {isa = PBXFileReference; includeInIndex = 1; lastKnownFileType = text.xcconfig; name = "Pods-Event.release.xcconfig"; path = "Target Support Files/Pods-Event/Pods-Event.release.xcconfig"; sourceTree = "<group>"; };
		1CE0D89113058C2AD098E84A /* Pods-Event.debug.xcconfig */ = {isa = PBXFileReference; includeInIndex = 1; lastKnownFileType = text.xcconfig; name = "Pods-Event.debug.xcconfig"; path = "Target Support Files/Pods-Event/Pods-Event.debug.xcconfig"; sourceTree = "<group>"; };
		3217B996E92AE2254EFC53AE /* Pods-Event-EventUITests.release.xcconfig */ = {isa = PBXFileReference; includeInIndex = 1; lastKnownFileType = text.xcconfig; name = "Pods-Event-EventUITests.release.xcconfig"; path = "Target Support Files/Pods-Event-EventUITests/Pods-Event-EventUITests.release.xcconfig"; sourceTree = "<group>"; };
		44C1FCFD6C7C0021470F0B19 /* Pods-EventTests.release.xcconfig */ = {isa = PBXFileReference; includeInIndex = 1; lastKnownFileType = text.xcconfig; name = "Pods-EventTests.release.xcconfig"; path = "Target Support Files/Pods-EventTests/Pods-EventTests.release.xcconfig"; sourceTree = "<group>"; };
		549D9B8B9C946AE7AA5C8E74 /* Pods_EventTests.framework */ = {isa = PBXFileReference; explicitFileType = wrapper.framework; includeInIndex = 0; path = Pods_EventTests.framework; sourceTree = BUILT_PRODUCTS_DIR; };
		7F43C98EE46D4283DE45532B /* Pods-EventTests.debug.xcconfig */ = {isa = PBXFileReference; includeInIndex = 1; lastKnownFileType = text.xcconfig; name = "Pods-EventTests.debug.xcconfig"; path = "Target Support Files/Pods-EventTests/Pods-EventTests.debug.xcconfig"; sourceTree = "<group>"; };
		91406BC223F6A8AE00FC3579 /* Event.app */ = {isa = PBXFileReference; explicitFileType = wrapper.application; includeInIndex = 0; path = Event.app; sourceTree = BUILT_PRODUCTS_DIR; };
		91406BC523F6A8AE00FC3579 /* AppDelegate.swift */ = {isa = PBXFileReference; lastKnownFileType = sourcecode.swift; path = AppDelegate.swift; sourceTree = "<group>"; };
		91406BC723F6A8AE00FC3579 /* SceneDelegate.swift */ = {isa = PBXFileReference; lastKnownFileType = sourcecode.swift; path = SceneDelegate.swift; sourceTree = "<group>"; };
		91406BCE23F6A8C300FC3579 /* Assets.xcassets */ = {isa = PBXFileReference; lastKnownFileType = folder.assetcatalog; path = Assets.xcassets; sourceTree = "<group>"; };
		91406BD123F6A8C300FC3579 /* Base */ = {isa = PBXFileReference; lastKnownFileType = file.storyboard; name = Base; path = Base.lproj/LaunchScreen.storyboard; sourceTree = "<group>"; };
		91406BD323F6A8C300FC3579 /* Info.plist */ = {isa = PBXFileReference; lastKnownFileType = text.plist.xml; path = Info.plist; sourceTree = "<group>"; };
		91406BD823F6A8C400FC3579 /* EventTests.xctest */ = {isa = PBXFileReference; explicitFileType = wrapper.cfbundle; includeInIndex = 0; path = EventTests.xctest; sourceTree = BUILT_PRODUCTS_DIR; };
		91406BDC23F6A8C400FC3579 /* EventTests.swift */ = {isa = PBXFileReference; lastKnownFileType = sourcecode.swift; path = EventTests.swift; sourceTree = "<group>"; };
		91406BDE23F6A8C400FC3579 /* Info.plist */ = {isa = PBXFileReference; lastKnownFileType = text.plist.xml; path = Info.plist; sourceTree = "<group>"; };
		91406BE323F6A8C400FC3579 /* EventUITests.xctest */ = {isa = PBXFileReference; explicitFileType = wrapper.cfbundle; includeInIndex = 0; path = EventUITests.xctest; sourceTree = BUILT_PRODUCTS_DIR; };
		91406BE723F6A8C400FC3579 /* EventUITests.swift */ = {isa = PBXFileReference; lastKnownFileType = sourcecode.swift; path = EventUITests.swift; sourceTree = "<group>"; };
		91406BE923F6A8C400FC3579 /* Info.plist */ = {isa = PBXFileReference; lastKnownFileType = text.plist.xml; path = Info.plist; sourceTree = "<group>"; };
		91406BFF23F6AC3E00FC3579 /* LoginViewController.swift */ = {isa = PBXFileReference; lastKnownFileType = sourcecode.swift; path = LoginViewController.swift; sourceTree = "<group>"; };
		91463C5D23F75A22003BAF91 /* UIView+Extensions.swift */ = {isa = PBXFileReference; lastKnownFileType = sourcecode.swift; path = "UIView+Extensions.swift"; sourceTree = "<group>"; };
		91463C5F23F75AC6003BAF91 /* UITextField+Extensions.swift */ = {isa = PBXFileReference; lastKnownFileType = sourcecode.swift; path = "UITextField+Extensions.swift"; sourceTree = "<group>"; };
		91463C6123F75AF8003BAF91 /* UIColor+Extensions.swift */ = {isa = PBXFileReference; lastKnownFileType = sourcecode.swift; path = "UIColor+Extensions.swift"; sourceTree = "<group>"; };
		91463C6423F78FA1003BAF91 /* SignUpViewController.swift */ = {isa = PBXFileReference; lastKnownFileType = sourcecode.swift; path = SignUpViewController.swift; sourceTree = "<group>"; };
		91463C6823F79CA9003BAF91 /* AuthButton.swift */ = {isa = PBXFileReference; lastKnownFileType = sourcecode.swift; path = AuthButton.swift; sourceTree = "<group>"; };
		914A0E5223F86CEB00569BF0 /* GoogleService-Info.plist */ = {isa = PBXFileReference; fileEncoding = 4; lastKnownFileType = text.plist.xml; name = "GoogleService-Info.plist"; path = "../../../GoogleService-Info.plist"; sourceTree = "<group>"; };
		915F8E6423F99BFF00200882 /* MainTabBarController.swift */ = {isa = PBXFileReference; lastKnownFileType = sourcecode.swift; path = MainTabBarController.swift; sourceTree = "<group>"; };
		91E39C8C23F82A5B00CABE70 /* SocialMediaButton.swift */ = {isa = PBXFileReference; lastKnownFileType = sourcecode.swift; path = SocialMediaButton.swift; sourceTree = "<group>"; };
		91FBB22D23F9806F008CAAED /* HomeViewController.swift */ = {isa = PBXFileReference; lastKnownFileType = sourcecode.swift; path = HomeViewController.swift; sourceTree = "<group>"; };
		B2221696B2AF280C83C7B16D /* Pods_Event_EventUITests.framework */ = {isa = PBXFileReference; explicitFileType = wrapper.framework; includeInIndex = 0; path = Pods_Event_EventUITests.framework; sourceTree = BUILT_PRODUCTS_DIR; };
		BAB8B5CF85174949A6AC43E8 /* Pods_Event.framework */ = {isa = PBXFileReference; explicitFileType = wrapper.framework; includeInIndex = 0; path = Pods_Event.framework; sourceTree = BUILT_PRODUCTS_DIR; };
		CBE2C2B9905E06583BD94F92 /* Pods-Event-EventUITests.debug.xcconfig */ = {isa = PBXFileReference; includeInIndex = 1; lastKnownFileType = text.xcconfig; name = "Pods-Event-EventUITests.debug.xcconfig"; path = "Target Support Files/Pods-Event-EventUITests/Pods-Event-EventUITests.debug.xcconfig"; sourceTree = "<group>"; };
/* End PBXFileReference section */

/* Begin PBXFrameworksBuildPhase section */
		91406BBF23F6A8AE00FC3579 /* Frameworks */ = {
			isa = PBXFrameworksBuildPhase;
			buildActionMask = 2147483647;
			files = (
				2132FC299570FA71D5CE6B75 /* Pods_Event.framework in Frameworks */,
			);
			runOnlyForDeploymentPostprocessing = 0;
		};
		91406BD523F6A8C400FC3579 /* Frameworks */ = {
			isa = PBXFrameworksBuildPhase;
			buildActionMask = 2147483647;
			files = (
				FC45CDFD1E98259D61DDF5E2 /* Pods_EventTests.framework in Frameworks */,
			);
			runOnlyForDeploymentPostprocessing = 0;
		};
		91406BE023F6A8C400FC3579 /* Frameworks */ = {
			isa = PBXFrameworksBuildPhase;
			buildActionMask = 2147483647;
			files = (
				6E62028CBCB51B89D8376AC7 /* Pods_Event_EventUITests.framework in Frameworks */,
			);
			runOnlyForDeploymentPostprocessing = 0;
		};
/* End PBXFrameworksBuildPhase section */

/* Begin PBXGroup section */
		91406BB923F6A8AE00FC3579 = {
			isa = PBXGroup;
			children = (
				91406BC423F6A8AE00FC3579 /* Event */,
				91406BDB23F6A8C400FC3579 /* EventTests */,
				91406BE623F6A8C400FC3579 /* EventUITests */,
				91406BC323F6A8AE00FC3579 /* Products */,
				9E946C45A6D14868B3B5DAE3 /* Pods */,
				9559CB243EC7203ED975BAFA /* Frameworks */,
			);
			sourceTree = "<group>";
		};
		91406BC323F6A8AE00FC3579 /* Products */ = {
			isa = PBXGroup;
			children = (
				91406BC223F6A8AE00FC3579 /* Event.app */,
				91406BD823F6A8C400FC3579 /* EventTests.xctest */,
				91406BE323F6A8C400FC3579 /* EventUITests.xctest */,
			);
			name = Products;
			sourceTree = "<group>";
		};
		91406BC423F6A8AE00FC3579 /* Event */ = {
			isa = PBXGroup;
			children = (
				91406BF523F6A9DB00FC3579 /* Application */,
				91406BF623F6A9F300FC3579 /* Support Files */,
				91406BF723F6AA0C00FC3579 /* Resources */,
				91463C5C23F759F8003BAF91 /* Extensions */,
				91463C6623F79C5C003BAF91 /* Components */,
				91406BF923F6AA4700FC3579 /* Scenes */,
			);
			path = Event;
			sourceTree = "<group>";
		};
		91406BDB23F6A8C400FC3579 /* EventTests */ = {
			isa = PBXGroup;
			children = (
				91406BDC23F6A8C400FC3579 /* EventTests.swift */,
				91406BDE23F6A8C400FC3579 /* Info.plist */,
			);
			path = EventTests;
			sourceTree = "<group>";
		};
		91406BE623F6A8C400FC3579 /* EventUITests */ = {
			isa = PBXGroup;
			children = (
				91406BE723F6A8C400FC3579 /* EventUITests.swift */,
				91406BE923F6A8C400FC3579 /* Info.plist */,
			);
			path = EventUITests;
			sourceTree = "<group>";
		};
		91406BF523F6A9DB00FC3579 /* Application */ = {
			isa = PBXGroup;
			children = (
				91406BC523F6A8AE00FC3579 /* AppDelegate.swift */,
				91406BC723F6A8AE00FC3579 /* SceneDelegate.swift */,
			);
			path = Application;
			sourceTree = "<group>";
		};
		91406BF623F6A9F300FC3579 /* Support Files */ = {
			isa = PBXGroup;
			children = (
				91406BD323F6A8C300FC3579 /* Info.plist */,
				914A0E5223F86CEB00569BF0 /* GoogleService-Info.plist */,
			);
			path = "Support Files";
			sourceTree = "<group>";
		};
		91406BF723F6AA0C00FC3579 /* Resources */ = {
			isa = PBXGroup;
			children = (
				91406BF823F6AA1400FC3579 /* Images */,
			);
			path = Resources;
			sourceTree = "<group>";
		};
		91406BF823F6AA1400FC3579 /* Images */ = {
			isa = PBXGroup;
			children = (
				91406BCE23F6A8C300FC3579 /* Assets.xcassets */,
			);
			path = Images;
			sourceTree = "<group>";
		};
		91406BF923F6AA4700FC3579 /* Scenes */ = {
			isa = PBXGroup;
			children = (
				91406BFA23F6AA5200FC3579 /* Launch Screen */,
				91406BFB23F6AA6900FC3579 /* Login */,
				91463C6323F78F51003BAF91 /* Sign Up */,
				91FBB22C23F9804A008CAAED /* Home */,
			);
			path = Scenes;
			sourceTree = "<group>";
		};
		91406BFA23F6AA5200FC3579 /* Launch Screen */ = {
			isa = PBXGroup;
			children = (
				91406BD023F6A8C300FC3579 /* LaunchScreen.storyboard */,
			);
			path = "Launch Screen";
			sourceTree = "<group>";
		};
		91406BFB23F6AA6900FC3579 /* Login */ = {
			isa = PBXGroup;
			children = (
				91406BFF23F6AC3E00FC3579 /* LoginViewController.swift */,
			);
			path = Login;
			sourceTree = "<group>";
		};
		91463C5C23F759F8003BAF91 /* Extensions */ = {
			isa = PBXGroup;
			children = (
				91463C5D23F75A22003BAF91 /* UIView+Extensions.swift */,
				91463C5F23F75AC6003BAF91 /* UITextField+Extensions.swift */,
				91463C6123F75AF8003BAF91 /* UIColor+Extensions.swift */,
			);
			path = Extensions;
			sourceTree = "<group>";
		};
		91463C6323F78F51003BAF91 /* Sign Up */ = {
			isa = PBXGroup;
			children = (
				91463C6423F78FA1003BAF91 /* SignUpViewController.swift */,
			);
			path = "Sign Up";
			sourceTree = "<group>";
		};
		91463C6623F79C5C003BAF91 /* Components */ = {
			isa = PBXGroup;
			children = (
				915F8E6323F99BA200200882 /* TabBar */,
				91463C6723F79C6D003BAF91 /* Buttons */,
			);
			path = Components;
			sourceTree = "<group>";
		};
		91463C6723F79C6D003BAF91 /* Buttons */ = {
			isa = PBXGroup;
			children = (
				91463C6823F79CA9003BAF91 /* AuthButton.swift */,
				91E39C8C23F82A5B00CABE70 /* SocialMediaButton.swift */,
			);
			path = Buttons;
			sourceTree = "<group>";
		};
		915F8E6323F99BA200200882 /* TabBar */ = {
			isa = PBXGroup;
			children = (
				915F8E6423F99BFF00200882 /* MainTabBarController.swift */,
			);
			path = TabBar;
			sourceTree = "<group>";
		};
		91FBB22C23F9804A008CAAED /* Home */ = {
			isa = PBXGroup;
			children = (
				91FBB22D23F9806F008CAAED /* HomeViewController.swift */,
			);
			path = Home;
			sourceTree = "<group>";
		};
		9559CB243EC7203ED975BAFA /* Frameworks */ = {
			isa = PBXGroup;
			children = (
				BAB8B5CF85174949A6AC43E8 /* Pods_Event.framework */,
				B2221696B2AF280C83C7B16D /* Pods_Event_EventUITests.framework */,
				549D9B8B9C946AE7AA5C8E74 /* Pods_EventTests.framework */,
			);
			name = Frameworks;
			sourceTree = "<group>";
		};
		9E946C45A6D14868B3B5DAE3 /* Pods */ = {
			isa = PBXGroup;
			children = (
				1CE0D89113058C2AD098E84A /* Pods-Event.debug.xcconfig */,
				097253E9E7D30A3525DAAA7C /* Pods-Event.release.xcconfig */,
				CBE2C2B9905E06583BD94F92 /* Pods-Event-EventUITests.debug.xcconfig */,
				3217B996E92AE2254EFC53AE /* Pods-Event-EventUITests.release.xcconfig */,
				7F43C98EE46D4283DE45532B /* Pods-EventTests.debug.xcconfig */,
				44C1FCFD6C7C0021470F0B19 /* Pods-EventTests.release.xcconfig */,
			);
			path = Pods;
			sourceTree = "<group>";
		};
/* End PBXGroup section */

/* Begin PBXNativeTarget section */
		91406BC123F6A8AE00FC3579 /* Event */ = {
			isa = PBXNativeTarget;
			buildConfigurationList = 91406BEC23F6A8C400FC3579 /* Build configuration list for PBXNativeTarget "Event" */;
			buildPhases = (
				92E07F3C36B1A82A0CD454EA /* [CP] Check Pods Manifest.lock */,
				91406BBE23F6A8AE00FC3579 /* Sources */,
				91406BBF23F6A8AE00FC3579 /* Frameworks */,
				91406BC023F6A8AE00FC3579 /* Resources */,
				F320DB7C721C7838422F973B /* [CP] Embed Pods Frameworks */,
			);
			buildRules = (
			);
			dependencies = (
			);
			name = Event;
			productName = Event;
			productReference = 91406BC223F6A8AE00FC3579 /* Event.app */;
			productType = "com.apple.product-type.application";
		};
		91406BD723F6A8C400FC3579 /* EventTests */ = {
			isa = PBXNativeTarget;
			buildConfigurationList = 91406BEF23F6A8C400FC3579 /* Build configuration list for PBXNativeTarget "EventTests" */;
			buildPhases = (
				D7EC02477B9684C1146B9C22 /* [CP] Check Pods Manifest.lock */,
				91406BD423F6A8C400FC3579 /* Sources */,
				91406BD523F6A8C400FC3579 /* Frameworks */,
				91406BD623F6A8C400FC3579 /* Resources */,
			);
			buildRules = (
			);
			dependencies = (
				91406BDA23F6A8C400FC3579 /* PBXTargetDependency */,
			);
			name = EventTests;
			productName = EventTests;
			productReference = 91406BD823F6A8C400FC3579 /* EventTests.xctest */;
			productType = "com.apple.product-type.bundle.unit-test";
		};
		91406BE223F6A8C400FC3579 /* EventUITests */ = {
			isa = PBXNativeTarget;
			buildConfigurationList = 91406BF223F6A8C400FC3579 /* Build configuration list for PBXNativeTarget "EventUITests" */;
			buildPhases = (
				D952FA561689D900E7C82F76 /* [CP] Check Pods Manifest.lock */,
				91406BDF23F6A8C400FC3579 /* Sources */,
				91406BE023F6A8C400FC3579 /* Frameworks */,
				91406BE123F6A8C400FC3579 /* Resources */,
				E7A0F509D8DF4596458F6113 /* [CP] Embed Pods Frameworks */,
			);
			buildRules = (
			);
			dependencies = (
				91406BE523F6A8C400FC3579 /* PBXTargetDependency */,
			);
			name = EventUITests;
			productName = EventUITests;
			productReference = 91406BE323F6A8C400FC3579 /* EventUITests.xctest */;
			productType = "com.apple.product-type.bundle.ui-testing";
		};
/* End PBXNativeTarget section */

/* Begin PBXProject section */
		91406BBA23F6A8AE00FC3579 /* Project object */ = {
			isa = PBXProject;
			attributes = {
				LastSwiftUpdateCheck = 1130;
				LastUpgradeCheck = 1130;
				ORGANIZATIONNAME = claudiocarvalho;
				TargetAttributes = {
					91406BC123F6A8AE00FC3579 = {
						CreatedOnToolsVersion = 11.3.1;
					};
					91406BD723F6A8C400FC3579 = {
						CreatedOnToolsVersion = 11.3.1;
						TestTargetID = 91406BC123F6A8AE00FC3579;
					};
					91406BE223F6A8C400FC3579 = {
						CreatedOnToolsVersion = 11.3.1;
						TestTargetID = 91406BC123F6A8AE00FC3579;
					};
				};
			};
			buildConfigurationList = 91406BBD23F6A8AE00FC3579 /* Build configuration list for PBXProject "Event" */;
			compatibilityVersion = "Xcode 9.3";
			developmentRegion = en;
			hasScannedForEncodings = 0;
			knownRegions = (
				en,
				Base,
			);
			mainGroup = 91406BB923F6A8AE00FC3579;
			productRefGroup = 91406BC323F6A8AE00FC3579 /* Products */;
			projectDirPath = "";
			projectRoot = "";
			targets = (
				91406BC123F6A8AE00FC3579 /* Event */,
				91406BD723F6A8C400FC3579 /* EventTests */,
				91406BE223F6A8C400FC3579 /* EventUITests */,
			);
		};
/* End PBXProject section */

/* Begin PBXResourcesBuildPhase section */
		91406BC023F6A8AE00FC3579 /* Resources */ = {
			isa = PBXResourcesBuildPhase;
			buildActionMask = 2147483647;
			files = (
				91406BD223F6A8C300FC3579 /* LaunchScreen.storyboard in Resources */,
				91406BCF23F6A8C300FC3579 /* Assets.xcassets in Resources */,
				914A0E5323F86CEB00569BF0 /* GoogleService-Info.plist in Resources */,
			);
			runOnlyForDeploymentPostprocessing = 0;
		};
		91406BD623F6A8C400FC3579 /* Resources */ = {
			isa = PBXResourcesBuildPhase;
			buildActionMask = 2147483647;
			files = (
			);
			runOnlyForDeploymentPostprocessing = 0;
		};
		91406BE123F6A8C400FC3579 /* Resources */ = {
			isa = PBXResourcesBuildPhase;
			buildActionMask = 2147483647;
			files = (
			);
			runOnlyForDeploymentPostprocessing = 0;
		};
/* End PBXResourcesBuildPhase section */

/* Begin PBXShellScriptBuildPhase section */
		92E07F3C36B1A82A0CD454EA /* [CP] Check Pods Manifest.lock */ = {
			isa = PBXShellScriptBuildPhase;
			buildActionMask = 2147483647;
			files = (
			);
			inputFileListPaths = (
			);
			inputPaths = (
				"${PODS_PODFILE_DIR_PATH}/Podfile.lock",
				"${PODS_ROOT}/Manifest.lock",
			);
			name = "[CP] Check Pods Manifest.lock";
			outputFileListPaths = (
			);
			outputPaths = (
				"$(DERIVED_FILE_DIR)/Pods-Event-checkManifestLockResult.txt",
			);
			runOnlyForDeploymentPostprocessing = 0;
			shellPath = /bin/sh;
			shellScript = "diff \"${PODS_PODFILE_DIR_PATH}/Podfile.lock\" \"${PODS_ROOT}/Manifest.lock\" > /dev/null\nif [ $? != 0 ] ; then\n    # print error to STDERR\n    echo \"error: The sandbox is not in sync with the Podfile.lock. Run 'pod install' or update your CocoaPods installation.\" >&2\n    exit 1\nfi\n# This output is used by Xcode 'outputs' to avoid re-running this script phase.\necho \"SUCCESS\" > \"${SCRIPT_OUTPUT_FILE_0}\"\n";
			showEnvVarsInLog = 0;
		};
		D7EC02477B9684C1146B9C22 /* [CP] Check Pods Manifest.lock */ = {
			isa = PBXShellScriptBuildPhase;
			buildActionMask = 2147483647;
			files = (
			);
			inputFileListPaths = (
			);
			inputPaths = (
				"${PODS_PODFILE_DIR_PATH}/Podfile.lock",
				"${PODS_ROOT}/Manifest.lock",
			);
			name = "[CP] Check Pods Manifest.lock";
			outputFileListPaths = (
			);
			outputPaths = (
				"$(DERIVED_FILE_DIR)/Pods-EventTests-checkManifestLockResult.txt",
			);
			runOnlyForDeploymentPostprocessing = 0;
			shellPath = /bin/sh;
			shellScript = "diff \"${PODS_PODFILE_DIR_PATH}/Podfile.lock\" \"${PODS_ROOT}/Manifest.lock\" > /dev/null\nif [ $? != 0 ] ; then\n    # print error to STDERR\n    echo \"error: The sandbox is not in sync with the Podfile.lock. Run 'pod install' or update your CocoaPods installation.\" >&2\n    exit 1\nfi\n# This output is used by Xcode 'outputs' to avoid re-running this script phase.\necho \"SUCCESS\" > \"${SCRIPT_OUTPUT_FILE_0}\"\n";
			showEnvVarsInLog = 0;
		};
		D952FA561689D900E7C82F76 /* [CP] Check Pods Manifest.lock */ = {
			isa = PBXShellScriptBuildPhase;
			buildActionMask = 2147483647;
			files = (
			);
			inputFileListPaths = (
			);
			inputPaths = (
				"${PODS_PODFILE_DIR_PATH}/Podfile.lock",
				"${PODS_ROOT}/Manifest.lock",
			);
			name = "[CP] Check Pods Manifest.lock";
			outputFileListPaths = (
			);
			outputPaths = (
				"$(DERIVED_FILE_DIR)/Pods-Event-EventUITests-checkManifestLockResult.txt",
			);
			runOnlyForDeploymentPostprocessing = 0;
			shellPath = /bin/sh;
			shellScript = "diff \"${PODS_PODFILE_DIR_PATH}/Podfile.lock\" \"${PODS_ROOT}/Manifest.lock\" > /dev/null\nif [ $? != 0 ] ; then\n    # print error to STDERR\n    echo \"error: The sandbox is not in sync with the Podfile.lock. Run 'pod install' or update your CocoaPods installation.\" >&2\n    exit 1\nfi\n# This output is used by Xcode 'outputs' to avoid re-running this script phase.\necho \"SUCCESS\" > \"${SCRIPT_OUTPUT_FILE_0}\"\n";
			showEnvVarsInLog = 0;
		};
		E7A0F509D8DF4596458F6113 /* [CP] Embed Pods Frameworks */ = {
			isa = PBXShellScriptBuildPhase;
			buildActionMask = 2147483647;
			files = (
			);
			inputFileListPaths = (
				"${PODS_ROOT}/Target Support Files/Pods-Event-EventUITests/Pods-Event-EventUITests-frameworks-${CONFIGURATION}-input-files.xcfilelist",
			);
			name = "[CP] Embed Pods Frameworks";
			outputFileListPaths = (
				"${PODS_ROOT}/Target Support Files/Pods-Event-EventUITests/Pods-Event-EventUITests-frameworks-${CONFIGURATION}-output-files.xcfilelist",
			);
			runOnlyForDeploymentPostprocessing = 0;
			shellPath = /bin/sh;
			shellScript = "\"${PODS_ROOT}/Target Support Files/Pods-Event-EventUITests/Pods-Event-EventUITests-frameworks.sh\"\n";
			showEnvVarsInLog = 0;
		};
		F320DB7C721C7838422F973B /* [CP] Embed Pods Frameworks */ = {
			isa = PBXShellScriptBuildPhase;
			buildActionMask = 2147483647;
			files = (
			);
			inputFileListPaths = (
				"${PODS_ROOT}/Target Support Files/Pods-Event/Pods-Event-frameworks-${CONFIGURATION}-input-files.xcfilelist",
			);
			name = "[CP] Embed Pods Frameworks";
			outputFileListPaths = (
				"${PODS_ROOT}/Target Support Files/Pods-Event/Pods-Event-frameworks-${CONFIGURATION}-output-files.xcfilelist",
			);
			runOnlyForDeploymentPostprocessing = 0;
			shellPath = /bin/sh;
			shellScript = "\"${PODS_ROOT}/Target Support Files/Pods-Event/Pods-Event-frameworks.sh\"\n";
			showEnvVarsInLog = 0;
		};
/* End PBXShellScriptBuildPhase section */

/* Begin PBXSourcesBuildPhase section */
		91406BBE23F6A8AE00FC3579 /* Sources */ = {
			isa = PBXSourcesBuildPhase;
			buildActionMask = 2147483647;
			files = (
				91406C0023F6AC3E00FC3579 /* LoginViewController.swift in Sources */,
				91E39C8D23F82A5B00CABE70 /* SocialMediaButton.swift in Sources */,
				915F8E6523F99BFF00200882 /* MainTabBarController.swift in Sources */,
				91463C6923F79CA9003BAF91 /* AuthButton.swift in Sources */,
				91463C6523F78FA1003BAF91 /* SignUpViewController.swift in Sources */,
				91463C6223F75AF8003BAF91 /* UIColor+Extensions.swift in Sources */,
				91FBB22E23F9806F008CAAED /* HomeViewController.swift in Sources */,
				91406BC623F6A8AE00FC3579 /* AppDelegate.swift in Sources */,
				91463C5E23F75A22003BAF91 /* UIView+Extensions.swift in Sources */,
				91463C6023F75AC6003BAF91 /* UITextField+Extensions.swift in Sources */,
				91406BC823F6A8AE00FC3579 /* SceneDelegate.swift in Sources */,
			);
			runOnlyForDeploymentPostprocessing = 0;
		};
		91406BD423F6A8C400FC3579 /* Sources */ = {
			isa = PBXSourcesBuildPhase;
			buildActionMask = 2147483647;
			files = (
				91406BDD23F6A8C400FC3579 /* EventTests.swift in Sources */,
			);
			runOnlyForDeploymentPostprocessing = 0;
		};
		91406BDF23F6A8C400FC3579 /* Sources */ = {
			isa = PBXSourcesBuildPhase;
			buildActionMask = 2147483647;
			files = (
				91406BE823F6A8C400FC3579 /* EventUITests.swift in Sources */,
			);
			runOnlyForDeploymentPostprocessing = 0;
		};
/* End PBXSourcesBuildPhase section */

/* Begin PBXTargetDependency section */
		91406BDA23F6A8C400FC3579 /* PBXTargetDependency */ = {
			isa = PBXTargetDependency;
			target = 91406BC123F6A8AE00FC3579 /* Event */;
			targetProxy = 91406BD923F6A8C400FC3579 /* PBXContainerItemProxy */;
		};
		91406BE523F6A8C400FC3579 /* PBXTargetDependency */ = {
			isa = PBXTargetDependency;
			target = 91406BC123F6A8AE00FC3579 /* Event */;
			targetProxy = 91406BE423F6A8C400FC3579 /* PBXContainerItemProxy */;
		};
/* End PBXTargetDependency section */

/* Begin PBXVariantGroup section */
		91406BD023F6A8C300FC3579 /* LaunchScreen.storyboard */ = {
			isa = PBXVariantGroup;
			children = (
				91406BD123F6A8C300FC3579 /* Base */,
			);
			name = LaunchScreen.storyboard;
			sourceTree = "<group>";
		};
/* End PBXVariantGroup section */

/* Begin XCBuildConfiguration section */
		91406BEA23F6A8C400FC3579 /* Debug */ = {
			isa = XCBuildConfiguration;
			buildSettings = {
				ALWAYS_SEARCH_USER_PATHS = NO;
				CLANG_ANALYZER_NONNULL = YES;
				CLANG_ANALYZER_NUMBER_OBJECT_CONVERSION = YES_AGGRESSIVE;
				CLANG_CXX_LANGUAGE_STANDARD = "gnu++14";
				CLANG_CXX_LIBRARY = "libc++";
				CLANG_ENABLE_MODULES = YES;
				CLANG_ENABLE_OBJC_ARC = YES;
				CLANG_ENABLE_OBJC_WEAK = YES;
				CLANG_WARN_BLOCK_CAPTURE_AUTORELEASING = YES;
				CLANG_WARN_BOOL_CONVERSION = YES;
				CLANG_WARN_COMMA = YES;
				CLANG_WARN_CONSTANT_CONVERSION = YES;
				CLANG_WARN_DEPRECATED_OBJC_IMPLEMENTATIONS = YES;
				CLANG_WARN_DIRECT_OBJC_ISA_USAGE = YES_ERROR;
				CLANG_WARN_DOCUMENTATION_COMMENTS = YES;
				CLANG_WARN_EMPTY_BODY = YES;
				CLANG_WARN_ENUM_CONVERSION = YES;
				CLANG_WARN_INFINITE_RECURSION = YES;
				CLANG_WARN_INT_CONVERSION = YES;
				CLANG_WARN_NON_LITERAL_NULL_CONVERSION = YES;
				CLANG_WARN_OBJC_IMPLICIT_RETAIN_SELF = YES;
				CLANG_WARN_OBJC_LITERAL_CONVERSION = YES;
				CLANG_WARN_OBJC_ROOT_CLASS = YES_ERROR;
				CLANG_WARN_RANGE_LOOP_ANALYSIS = YES;
				CLANG_WARN_STRICT_PROTOTYPES = YES;
				CLANG_WARN_SUSPICIOUS_MOVE = YES;
				CLANG_WARN_UNGUARDED_AVAILABILITY = YES_AGGRESSIVE;
				CLANG_WARN_UNREACHABLE_CODE = YES;
				CLANG_WARN__DUPLICATE_METHOD_MATCH = YES;
				COPY_PHASE_STRIP = NO;
				DEBUG_INFORMATION_FORMAT = dwarf;
				ENABLE_STRICT_OBJC_MSGSEND = YES;
				ENABLE_TESTABILITY = YES;
				GCC_C_LANGUAGE_STANDARD = gnu11;
				GCC_DYNAMIC_NO_PIC = NO;
				GCC_NO_COMMON_BLOCKS = YES;
				GCC_OPTIMIZATION_LEVEL = 0;
				GCC_PREPROCESSOR_DEFINITIONS = (
					"DEBUG=1",
					"$(inherited)",
				);
				GCC_WARN_64_TO_32_BIT_CONVERSION = YES;
				GCC_WARN_ABOUT_RETURN_TYPE = YES_ERROR;
				GCC_WARN_UNDECLARED_SELECTOR = YES;
				GCC_WARN_UNINITIALIZED_AUTOS = YES_AGGRESSIVE;
				GCC_WARN_UNUSED_FUNCTION = YES;
				GCC_WARN_UNUSED_VARIABLE = YES;
				IPHONEOS_DEPLOYMENT_TARGET = 13.2;
				MTL_ENABLE_DEBUG_INFO = INCLUDE_SOURCE;
				MTL_FAST_MATH = YES;
				ONLY_ACTIVE_ARCH = YES;
				SDKROOT = iphoneos;
				SWIFT_ACTIVE_COMPILATION_CONDITIONS = DEBUG;
				SWIFT_OPTIMIZATION_LEVEL = "-Onone";
			};
			name = Debug;
		};
		91406BEB23F6A8C400FC3579 /* Release */ = {
			isa = XCBuildConfiguration;
			buildSettings = {
				ALWAYS_SEARCH_USER_PATHS = NO;
				CLANG_ANALYZER_NONNULL = YES;
				CLANG_ANALYZER_NUMBER_OBJECT_CONVERSION = YES_AGGRESSIVE;
				CLANG_CXX_LANGUAGE_STANDARD = "gnu++14";
				CLANG_CXX_LIBRARY = "libc++";
				CLANG_ENABLE_MODULES = YES;
				CLANG_ENABLE_OBJC_ARC = YES;
				CLANG_ENABLE_OBJC_WEAK = YES;
				CLANG_WARN_BLOCK_CAPTURE_AUTORELEASING = YES;
				CLANG_WARN_BOOL_CONVERSION = YES;
				CLANG_WARN_COMMA = YES;
				CLANG_WARN_CONSTANT_CONVERSION = YES;
				CLANG_WARN_DEPRECATED_OBJC_IMPLEMENTATIONS = YES;
				CLANG_WARN_DIRECT_OBJC_ISA_USAGE = YES_ERROR;
				CLANG_WARN_DOCUMENTATION_COMMENTS = YES;
				CLANG_WARN_EMPTY_BODY = YES;
				CLANG_WARN_ENUM_CONVERSION = YES;
				CLANG_WARN_INFINITE_RECURSION = YES;
				CLANG_WARN_INT_CONVERSION = YES;
				CLANG_WARN_NON_LITERAL_NULL_CONVERSION = YES;
				CLANG_WARN_OBJC_IMPLICIT_RETAIN_SELF = YES;
				CLANG_WARN_OBJC_LITERAL_CONVERSION = YES;
				CLANG_WARN_OBJC_ROOT_CLASS = YES_ERROR;
				CLANG_WARN_RANGE_LOOP_ANALYSIS = YES;
				CLANG_WARN_STRICT_PROTOTYPES = YES;
				CLANG_WARN_SUSPICIOUS_MOVE = YES;
				CLANG_WARN_UNGUARDED_AVAILABILITY = YES_AGGRESSIVE;
				CLANG_WARN_UNREACHABLE_CODE = YES;
				CLANG_WARN__DUPLICATE_METHOD_MATCH = YES;
				COPY_PHASE_STRIP = NO;
				DEBUG_INFORMATION_FORMAT = "dwarf-with-dsym";
				ENABLE_NS_ASSERTIONS = NO;
				ENABLE_STRICT_OBJC_MSGSEND = YES;
				GCC_C_LANGUAGE_STANDARD = gnu11;
				GCC_NO_COMMON_BLOCKS = YES;
				GCC_WARN_64_TO_32_BIT_CONVERSION = YES;
				GCC_WARN_ABOUT_RETURN_TYPE = YES_ERROR;
				GCC_WARN_UNDECLARED_SELECTOR = YES;
				GCC_WARN_UNINITIALIZED_AUTOS = YES_AGGRESSIVE;
				GCC_WARN_UNUSED_FUNCTION = YES;
				GCC_WARN_UNUSED_VARIABLE = YES;
				IPHONEOS_DEPLOYMENT_TARGET = 13.2;
				MTL_ENABLE_DEBUG_INFO = NO;
				MTL_FAST_MATH = YES;
				SDKROOT = iphoneos;
				SWIFT_COMPILATION_MODE = wholemodule;
				SWIFT_OPTIMIZATION_LEVEL = "-O";
				VALIDATE_PRODUCT = YES;
			};
			name = Release;
		};
		91406BED23F6A8C400FC3579 /* Debug */ = {
			isa = XCBuildConfiguration;
			baseConfigurationReference = 1CE0D89113058C2AD098E84A /* Pods-Event.debug.xcconfig */;
			buildSettings = {
				ASSETCATALOG_COMPILER_APPICON_NAME = AppIcon;
				CODE_SIGN_STYLE = Automatic;
				INFOPLIST_FILE = "$(SRCROOT)/Event/Support Files/Info.plist";
				LD_RUNPATH_SEARCH_PATHS = (
					"$(inherited)",
					"@executable_path/Frameworks",
				);
				PRODUCT_BUNDLE_IDENTIFIER = dev.claudiocarvalho.Event;
				PRODUCT_NAME = "$(TARGET_NAME)";
				SWIFT_VERSION = 5.0;
				TARGETED_DEVICE_FAMILY = "1,2";
			};
			name = Debug;
		};
		91406BEE23F6A8C400FC3579 /* Release */ = {
			isa = XCBuildConfiguration;
			baseConfigurationReference = 097253E9E7D30A3525DAAA7C /* Pods-Event.release.xcconfig */;
			buildSettings = {
				ASSETCATALOG_COMPILER_APPICON_NAME = AppIcon;
				CODE_SIGN_STYLE = Automatic;
				INFOPLIST_FILE = "$(SRCROOT)/Event/Support Files/Info.plist";
				LD_RUNPATH_SEARCH_PATHS = (
					"$(inherited)",
					"@executable_path/Frameworks",
				);
				PRODUCT_BUNDLE_IDENTIFIER = dev.claudiocarvalho.Event;
				PRODUCT_NAME = "$(TARGET_NAME)";
				SWIFT_VERSION = 5.0;
				TARGETED_DEVICE_FAMILY = "1,2";
			};
			name = Release;
		};
		91406BF023F6A8C400FC3579 /* Debug */ = {
			isa = XCBuildConfiguration;
			baseConfigurationReference = 7F43C98EE46D4283DE45532B /* Pods-EventTests.debug.xcconfig */;
			buildSettings = {
				ALWAYS_EMBED_SWIFT_STANDARD_LIBRARIES = YES;
				BUNDLE_LOADER = "$(TEST_HOST)";
				CODE_SIGN_STYLE = Automatic;
				INFOPLIST_FILE = EventTests/Info.plist;
				IPHONEOS_DEPLOYMENT_TARGET = 13.2;
				LD_RUNPATH_SEARCH_PATHS = (
					"$(inherited)",
					"@executable_path/Frameworks",
					"@loader_path/Frameworks",
				);
				PRODUCT_BUNDLE_IDENTIFIER = dev.claudiocarvalho.EventTests;
				PRODUCT_NAME = "$(TARGET_NAME)";
				SWIFT_VERSION = 5.0;
				TARGETED_DEVICE_FAMILY = "1,2";
				TEST_HOST = "$(BUILT_PRODUCTS_DIR)/Event.app/Event";
			};
			name = Debug;
		};
		91406BF123F6A8C400FC3579 /* Release */ = {
			isa = XCBuildConfiguration;
			baseConfigurationReference = 44C1FCFD6C7C0021470F0B19 /* Pods-EventTests.release.xcconfig */;
			buildSettings = {
				ALWAYS_EMBED_SWIFT_STANDARD_LIBRARIES = YES;
				BUNDLE_LOADER = "$(TEST_HOST)";
				CODE_SIGN_STYLE = Automatic;
				INFOPLIST_FILE = EventTests/Info.plist;
				IPHONEOS_DEPLOYMENT_TARGET = 13.2;
				LD_RUNPATH_SEARCH_PATHS = (
					"$(inherited)",
					"@executable_path/Frameworks",
					"@loader_path/Frameworks",
				);
				PRODUCT_BUNDLE_IDENTIFIER = dev.claudiocarvalho.EventTests;
				PRODUCT_NAME = "$(TARGET_NAME)";
				SWIFT_VERSION = 5.0;
				TARGETED_DEVICE_FAMILY = "1,2";
				TEST_HOST = "$(BUILT_PRODUCTS_DIR)/Event.app/Event";
			};
			name = Release;
		};
		91406BF323F6A8C400FC3579 /* Debug */ = {
			isa = XCBuildConfiguration;
			baseConfigurationReference = CBE2C2B9905E06583BD94F92 /* Pods-Event-EventUITests.debug.xcconfig */;
			buildSettings = {
				ALWAYS_EMBED_SWIFT_STANDARD_LIBRARIES = YES;
				CODE_SIGN_STYLE = Automatic;
				INFOPLIST_FILE = EventUITests/Info.plist;
				LD_RUNPATH_SEARCH_PATHS = (
					"$(inherited)",
					"@executable_path/Frameworks",
					"@loader_path/Frameworks",
				);
				PRODUCT_BUNDLE_IDENTIFIER = dev.claudiocarvalho.EventUITests;
				PRODUCT_NAME = "$(TARGET_NAME)";
				SWIFT_VERSION = 5.0;
				TARGETED_DEVICE_FAMILY = "1,2";
				TEST_TARGET_NAME = Event;
			};
			name = Debug;
		};
		91406BF423F6A8C400FC3579 /* Release */ = {
			isa = XCBuildConfiguration;
			baseConfigurationReference = 3217B996E92AE2254EFC53AE /* Pods-Event-EventUITests.release.xcconfig */;
			buildSettings = {
				ALWAYS_EMBED_SWIFT_STANDARD_LIBRARIES = YES;
				CODE_SIGN_STYLE = Automatic;
				INFOPLIST_FILE = EventUITests/Info.plist;
				LD_RUNPATH_SEARCH_PATHS = (
					"$(inherited)",
					"@executable_path/Frameworks",
					"@loader_path/Frameworks",
				);
				PRODUCT_BUNDLE_IDENTIFIER = dev.claudiocarvalho.EventUITests;
				PRODUCT_NAME = "$(TARGET_NAME)";
				SWIFT_VERSION = 5.0;
				TARGETED_DEVICE_FAMILY = "1,2";
				TEST_TARGET_NAME = Event;
			};
			name = Release;
		};
/* End XCBuildConfiguration section */

/* Begin XCConfigurationList section */
		91406BBD23F6A8AE00FC3579 /* Build configuration list for PBXProject "Event" */ = {
			isa = XCConfigurationList;
			buildConfigurations = (
				91406BEA23F6A8C400FC3579 /* Debug */,
				91406BEB23F6A8C400FC3579 /* Release */,
			);
			defaultConfigurationIsVisible = 0;
			defaultConfigurationName = Release;
		};
		91406BEC23F6A8C400FC3579 /* Build configuration list for PBXNativeTarget "Event" */ = {
			isa = XCConfigurationList;
			buildConfigurations = (
				91406BED23F6A8C400FC3579 /* Debug */,
				91406BEE23F6A8C400FC3579 /* Release */,
			);
			defaultConfigurationIsVisible = 0;
			defaultConfigurationName = Release;
		};
		91406BEF23F6A8C400FC3579 /* Build configuration list for PBXNativeTarget "EventTests" */ = {
			isa = XCConfigurationList;
			buildConfigurations = (
				91406BF023F6A8C400FC3579 /* Debug */,
				91406BF123F6A8C400FC3579 /* Release */,
			);
			defaultConfigurationIsVisible = 0;
			defaultConfigurationName = Release;
		};
		91406BF223F6A8C400FC3579 /* Build configuration list for PBXNativeTarget "EventUITests" */ = {
			isa = XCConfigurationList;
			buildConfigurations = (
				91406BF323F6A8C400FC3579 /* Debug */,
				91406BF423F6A8C400FC3579 /* Release */,
			);
			defaultConfigurationIsVisible = 0;
			defaultConfigurationName = Release;
		};
/* End XCConfigurationList section */
	};
	rootObject = 91406BBA23F6A8AE00FC3579 /* Project object */;
}
